{
  "name": "ascii-graph",
  "version": "1.0.0",
  "lockfileVersion": 1,
  "requires": true,
  "dependencies": {
    "isnot": {
      "version": "0.4.1",
      "resolved": "https://registry.npmjs.org/isnot/-/isnot-0.4.1.tgz",
      "integrity": "sha512-gRrso2cw9MmOhHMhUWjXCaunqvuxoCiuhg83M+sIC9+k3ZAUn4tZR2Hv0Gs2E6Rn1f9SZM48N5qIdmOkvVVaTg=="
    }
  }
}
